// !$*UTF8*$!
{
	archiveVersion = 1;
	classes = {
	};
	objectVersion = 46;
	objects = {

/* Begin PBXBuildFile section */
		79DD040E1A8525E200F7D996 /* AppDelegate.swift in Sources */ = {isa = PBXBuildFile; fileRef = 79DD040D1A8525E200F7D996 /* AppDelegate.swift */; };
		79DD04101A8525E200F7D996 /* ViewController.swift in Sources */ = {isa = PBXBuildFile; fileRef = 79DD040F1A8525E200F7D996 /* ViewController.swift */; };
		79DD04131A8525E200F7D996 /* Main.storyboard in Resources */ = {isa = PBXBuildFile; fileRef = 79DD04111A8525E200F7D996 /* Main.storyboard */; };
		79DD04151A8525E200F7D996 /* Images.xcassets in Resources */ = {isa = PBXBuildFile; fileRef = 79DD04141A8525E200F7D996 /* Images.xcassets */; };
		79DD04181A8525E200F7D996 /* LaunchScreen.xib in Resources */ = {isa = PBXBuildFile; fileRef = 79DD04161A8525E200F7D996 /* LaunchScreen.xib */; };
		79DD04241A8525E200F7D996 /* MPClientSwiftFrmTests.swift in Sources */ = {isa = PBXBuildFile; fileRef = 79DD04231A8525E200F7D996 /* MPClientSwiftFrmTests.swift */; };
		79DD042E1A85286D00F7D996 /* GRIDMobileSDK.framework in Frameworks */ = {isa = PBXBuildFile; fileRef = 79DD042D1A85286D00F7D996 /* GRIDMobileSDK.framework */; };
		79DD042F1A85286D00F7D996 /* GRIDMobileSDK.framework in Embed Frameworks */ = {isa = PBXBuildFile; fileRef = 79DD042D1A85286D00F7D996 /* GRIDMobileSDK.framework */; settings = {ATTRIBUTES = (CodeSignOnCopy, RemoveHeadersOnCopy, ); }; };
/* End PBXBuildFile section */

/* Begin PBXContainerItemProxy section */
		79DD041E1A8525E200F7D996 /* PBXContainerItemProxy */ = {
			isa = PBXContainerItemProxy;
			containerPortal = 79DD04001A8525E200F7D996 /* Project object */;
			proxyType = 1;
			remoteGlobalIDString = 79DD04071A8525E200F7D996;
			remoteInfo = MPClientSwiftFrm;
		};
/* End PBXContainerItemProxy section */

/* Begin PBXCopyFilesBuildPhase section */
		79DD04301A85286D00F7D996 /* Embed Frameworks */ = {
			isa = PBXCopyFilesBuildPhase;
			buildActionMask = 2147483647;
			dstPath = "";
			dstSubfolderSpec = 10;
			files = (
				79DD042F1A85286D00F7D996 /* GRIDMobileSDK.framework in Embed Frameworks */,
			);
			name = "Embed Frameworks";
			runOnlyForDeploymentPostprocessing = 0;
		};
/* End PBXCopyFilesBuildPhase section */

/* Begin PBXFileReference section */
		79DD04081A8525E200F7D996 /* MPClientSwiftFrm.app */ = {isa = PBXFileReference; explicitFileType = wrapper.application; includeInIndex = 0; path = MPClientSwiftFrm.app; sourceTree = BUILT_PRODUCTS_DIR; };
		79DD040C1A8525E200F7D996 /* Info.plist */ = {isa = PBXFileReference; lastKnownFileType = text.plist.xml; path = Info.plist; sourceTree = "<group>"; };
		79DD040D1A8525E200F7D996 /* AppDelegate.swift */ = {isa = PBXFileReference; lastKnownFileType = sourcecode.swift; path = AppDelegate.swift; sourceTree = "<group>"; };
		79DD040F1A8525E200F7D996 /* ViewController.swift */ = {isa = PBXFileReference; lastKnownFileType = sourcecode.swift; path = ViewController.swift; sourceTree = "<group>"; };
		79DD04121A8525E200F7D996 /* Base */ = {isa = PBXFileReference; lastKnownFileType = file.storyboard; name = Base; path = Base.lproj/Main.storyboard; sourceTree = "<group>"; };
		79DD04141A8525E200F7D996 /* Images.xcassets */ = {isa = PBXFileReference; lastKnownFileType = folder.assetcatalog; path = Images.xcassets; sourceTree = "<group>"; };
		79DD04171A8525E200F7D996 /* Base */ = {isa = PBXFileReference; lastKnownFileType = file.xib; name = Base; path = Base.lproj/LaunchScreen.xib; sourceTree = "<group>"; };
		79DD041D1A8525E200F7D996 /* MPClientSwiftFrmTests.xctest */ = {isa = PBXFileReference; explicitFileType = wrapper.cfbundle; includeInIndex = 0; path = MPClientSwiftFrmTests.xctest; sourceTree = BUILT_PRODUCTS_DIR; };
		79DD04221A8525E200F7D996 /* Info.plist */ = {isa = PBXFileReference; lastKnownFileType = text.plist.xml; path = Info.plist; sourceTree = "<group>"; };
		79DD04231A8525E200F7D996 /* MPClientSwiftFrmTests.swift */ = {isa = PBXFileReference; lastKnownFileType = sourcecode.swift; path = MPClientSwiftFrmTests.swift; sourceTree = "<group>"; };
		79DD042D1A85286D00F7D996 /* GRIDMobileSDK.framework */ = {isa = PBXFileReference; lastKnownFileType = wrapper.framework; name = GRIDMobileSDK.framework; path = frameworks/GRIDMobileSDK.framework; sourceTree = "<group>"; };
/* End PBXFileReference section */

/* Begin PBXFrameworksBuildPhase section */
		79DD04051A8525E200F7D996 /* Frameworks */ = {
			isa = PBXFrameworksBuildPhase;
			buildActionMask = 2147483647;
			files = (
				79DD042E1A85286D00F7D996 /* GRIDMobileSDK.framework in Frameworks */,
			);
			runOnlyForDeploymentPostprocessing = 0;
		};
		79DD041A1A8525E200F7D996 /* Frameworks */ = {
			isa = PBXFrameworksBuildPhase;
			buildActionMask = 2147483647;
			files = (
			);
			runOnlyForDeploymentPostprocessing = 0;
		};
/* End PBXFrameworksBuildPhase section */

/* Begin PBXGroup section */
		79DD03FF1A8525E200F7D996 = {
			isa = PBXGroup;
			children = (
				79DD042D1A85286D00F7D996 /* GRIDMobileSDK.framework */,
				79DD040A1A8525E200F7D996 /* MPClientSwiftFrm */,
				79DD04201A8525E200F7D996 /* MPClientSwiftFrmTests */,
				79DD04091A8525E200F7D996 /* Products */,
			);
			sourceTree = "<group>";
		};
		79DD04091A8525E200F7D996 /* Products */ = {
			isa = PBXGroup;
			children = (
				79DD04081A8525E200F7D996 /* MPClientSwiftFrm.app */,
				79DD041D1A8525E200F7D996 /* MPClientSwiftFrmTests.xctest */,
			);
			name = Products;
			sourceTree = "<group>";
		};
		79DD040A1A8525E200F7D996 /* MPClientSwiftFrm */ = {
			isa = PBXGroup;
			children = (
				79DD040D1A8525E200F7D996 /* AppDelegate.swift */,
				79DD040F1A8525E200F7D996 /* ViewController.swift */,
				79DD04111A8525E200F7D996 /* Main.storyboard */,
				79DD04141A8525E200F7D996 /* Images.xcassets */,
				79DD04161A8525E200F7D996 /* LaunchScreen.xib */,
				79DD040B1A8525E200F7D996 /* Supporting Files */,
			);
			path = MPClientSwiftFrm;
			sourceTree = "<group>";
		};
		79DD040B1A8525E200F7D996 /* Supporting Files */ = {
			isa = PBXGroup;
			children = (
				79DD040C1A8525E200F7D996 /* Info.plist */,
			);
			name = "Supporting Files";
			sourceTree = "<group>";
		};
		79DD04201A8525E200F7D996 /* MPClientSwiftFrmTests */ = {
			isa = PBXGroup;
			children = (
				79DD04231A8525E200F7D996 /* MPClientSwiftFrmTests.swift */,
				79DD04211A8525E200F7D996 /* Supporting Files */,
			);
			path = MPClientSwiftFrmTests;
			sourceTree = "<group>";
		};
		79DD04211A8525E200F7D996 /* Supporting Files */ = {
			isa = PBXGroup;
			children = (
				79DD04221A8525E200F7D996 /* Info.plist */,
			);
			name = "Supporting Files";
			sourceTree = "<group>";
		};
/* End PBXGroup section */

/* Begin PBXNativeTarget section */
		79DD04071A8525E200F7D996 /* MPClientSwiftFrm */ = {
			isa = PBXNativeTarget;
			buildConfigurationList = 79DD04271A8525E200F7D996 /* Build configuration list for PBXNativeTarget "MPClientSwiftFrm" */;
			buildPhases = (
				79DD04041A8525E200F7D996 /* Sources */,
				79DD04051A8525E200F7D996 /* Frameworks */,
				79DD04061A8525E200F7D996 /* Resources */,
				79DD04301A85286D00F7D996 /* Embed Frameworks */,
			);
			buildRules = (
			);
			dependencies = (
			);
			name = MPClientSwiftFrm;
			productName = MPClientSwiftFrm;
			productReference = 79DD04081A8525E200F7D996 /* MPClientSwiftFrm.app */;
			productType = "com.apple.product-type.application";
		};
		79DD041C1A8525E200F7D996 /* MPClientSwiftFrmTests */ = {
			isa = PBXNativeTarget;
			buildConfigurationList = 79DD042A1A8525E200F7D996 /* Build configuration list for PBXNativeTarget "MPClientSwiftFrmTests" */;
			buildPhases = (
				79DD04191A8525E200F7D996 /* Sources */,
				79DD041A1A8525E200F7D996 /* Frameworks */,
				79DD041B1A8525E200F7D996 /* Resources */,
			);
			buildRules = (
			);
			dependencies = (
				79DD041F1A8525E200F7D996 /* PBXTargetDependency */,
			);
			name = MPClientSwiftFrmTests;
			productName = MPClientSwiftFrmTests;
			productReference = 79DD041D1A8525E200F7D996 /* MPClientSwiftFrmTests.xctest */;
			productType = "com.apple.product-type.bundle.unit-test";
		};
/* End PBXNativeTarget section */

/* Begin PBXProject section */
		79DD04001A8525E200F7D996 /* Project object */ = {
			isa = PBXProject;
			attributes = {
				LastUpgradeCheck = 0610;
				ORGANIZATIONNAME = "Richard Rosiak";
				TargetAttributes = {
					79DD04071A8525E200F7D996 = {
						CreatedOnToolsVersion = 6.1.1;
					};
					79DD041C1A8525E200F7D996 = {
						CreatedOnToolsVersion = 6.1.1;
						TestTargetID = 79DD04071A8525E200F7D996;
					};
				};
			};
			buildConfigurationList = 79DD04031A8525E200F7D996 /* Build configuration list for PBXProject "MPClientSwiftFrm" */;
			compatibilityVersion = "Xcode 3.2";
			developmentRegion = English;
			hasScannedForEncodings = 0;
			knownRegions = (
				en,
				Base,
			);
			mainGroup = 79DD03FF1A8525E200F7D996;
			productRefGroup = 79DD04091A8525E200F7D996 /* Products */;
			projectDirPath = "";
			projectRoot = "";
			targets = (
				79DD04071A8525E200F7D996 /* MPClientSwiftFrm */,
				79DD041C1A8525E200F7D996 /* MPClientSwiftFrmTests */,
			);
		};
/* End PBXProject section */

/* Begin PBXResourcesBuildPhase section */
		79DD04061A8525E200F7D996 /* Resources */ = {
			isa = PBXResourcesBuildPhase;
			buildActionMask = 2147483647;
			files = (
				79DD04131A8525E200F7D996 /* Main.storyboard in Resources */,
				79DD04181A8525E200F7D996 /* LaunchScreen.xib in Resources */,
				79DD04151A8525E200F7D996 /* Images.xcassets in Resources */,
			);
			runOnlyForDeploymentPostprocessing = 0;
		};
		79DD041B1A8525E200F7D996 /* Resources */ = {
			isa = PBXResourcesBuildPhase;
			buildActionMask = 2147483647;
			files = (
			);
			runOnlyForDeploymentPostprocessing = 0;
		};
/* End PBXResourcesBuildPhase section */

/* Begin PBXSourcesBuildPhase section */
		79DD04041A8525E200F7D996 /* Sources */ = {
			isa = PBXSourcesBuildPhase;
			buildActionMask = 2147483647;
			files = (
				79DD04101A8525E200F7D996 /* ViewController.swift in Sources */,
				79DD040E1A8525E200F7D996 /* AppDelegate.swift in Sources */,
			);
			runOnlyForDeploymentPostprocessing = 0;
		};
		79DD04191A8525E200F7D996 /* Sources */ = {
			isa = PBXSourcesBuildPhase;
			buildActionMask = 2147483647;
			files = (
				79DD04241A8525E200F7D996 /* MPClientSwiftFrmTests.swift in Sources */,
			);
			runOnlyForDeploymentPostprocessing = 0;
		};
/* End PBXSourcesBuildPhase section */

/* Begin PBXTargetDependency section */
		79DD041F1A8525E200F7D996 /* PBXTargetDependency */ = {
			isa = PBXTargetDependency;
			target = 79DD04071A8525E200F7D996 /* MPClientSwiftFrm */;
			targetProxy = 79DD041E1A8525E200F7D996 /* PBXContainerItemProxy */;
		};
/* End PBXTargetDependency section */

/* Begin PBXVariantGroup section */
		79DD04111A8525E200F7D996 /* Main.storyboard */ = {
			isa = PBXVariantGroup;
			children = (
				79DD04121A8525E200F7D996 /* Base */,
			);
			name = Main.storyboard;
			sourceTree = "<group>";
		};
		79DD04161A8525E200F7D996 /* LaunchScreen.xib */ = {
			isa = PBXVariantGroup;
			children = (
				79DD04171A8525E200F7D996 /* Base */,
			);
			name = LaunchScreen.xib;
			sourceTree = "<group>";
		};
/* End PBXVariantGroup section */

/* Begin XCBuildConfiguration section */
		79DD04251A8525E200F7D996 /* Debug */ = {
			isa = XCBuildConfiguration;
			buildSettings = {
				ALWAYS_SEARCH_USER_PATHS = NO;
				CLANG_CXX_LANGUAGE_STANDARD = "gnu++0x";
				CLANG_CXX_LIBRARY = "libc++";
				CLANG_ENABLE_MODULES = YES;
				CLANG_ENABLE_OBJC_ARC = YES;
				CLANG_WARN_BOOL_CONVERSION = YES;
				CLANG_WARN_CONSTANT_CONVERSION = YES;
				CLANG_WARN_DIRECT_OBJC_ISA_USAGE = YES_ERROR;
				CLANG_WARN_EMPTY_BODY = YES;
				CLANG_WARN_ENUM_CONVERSION = YES;
				CLANG_WARN_INT_CONVERSION = YES;
				CLANG_WARN_OBJC_ROOT_CLASS = YES_ERROR;
				CLANG_WARN_UNREACHABLE_CODE = YES;
				CLANG_WARN__DUPLICATE_METHOD_MATCH = YES;
				"CODE_SIGN_IDENTITY[sdk=iphoneos*]" = "iPhone Developer";
				COPY_PHASE_STRIP = NO;
				ENABLE_STRICT_OBJC_MSGSEND = YES;
				GCC_C_LANGUAGE_STANDARD = gnu99;
				GCC_DYNAMIC_NO_PIC = NO;
				GCC_OPTIMIZATION_LEVEL = 0;
				GCC_PREPROCESSOR_DEFINITIONS = (
					"DEBUG=1",
					"$(inherited)",
				);
				GCC_SYMBOLS_PRIVATE_EXTERN = NO;
				GCC_WARN_64_TO_32_BIT_CONVERSION = YES;
				GCC_WARN_ABOUT_RETURN_TYPE = YES_ERROR;
				GCC_WARN_UNDECLARED_SELECTOR = YES;
				GCC_WARN_UNINITIALIZED_AUTOS = YES_AGGRESSIVE;
				GCC_WARN_UNUSED_FUNCTION = YES;
				GCC_WARN_UNUSED_VARIABLE = YES;
				IPHONEOS_DEPLOYMENT_TARGET = 8.1;
				MTL_ENABLE_DEBUG_INFO = YES;
				ONLY_ACTIVE_ARCH = YES;
				SDKROOT = iphoneos;
				SWIFT_OPTIMIZATION_LEVEL = "-Onone";
			};
			name = Debug;
		};
		79DD04261A8525E200F7D996 /* Release */ = {
			isa = XCBuildConfiguration;
			buildSettings = {
				ALWAYS_SEARCH_USER_PATHS = NO;
				CLANG_CXX_LANGUAGE_STANDARD = "gnu++0x";
				CLANG_CXX_LIBRARY = "libc++";
				CLANG_ENABLE_MODULES = YES;
				CLANG_ENABLE_OBJC_ARC = YES;
				CLANG_WARN_BOOL_CONVERSION = YES;
				CLANG_WARN_CONSTANT_CONVERSION = YES;
				CLANG_WARN_DIRECT_OBJC_ISA_USAGE = YES_ERROR;
				CLANG_WARN_EMPTY_BODY = YES;
				CLANG_WARN_ENUM_CONVERSION = YES;
				CLANG_WARN_INT_CONVERSION = YES;
				CLANG_WARN_OBJC_ROOT_CLASS = YES_ERROR;
				CLANG_WARN_UNREACHABLE_CODE = YES;
				CLANG_WARN__DUPLICATE_METHOD_MATCH = YES;
				"CODE_SIGN_IDENTITY[sdk=iphoneos*]" = "iPhone Developer";
				COPY_PHASE_STRIP = YES;
				ENABLE_NS_ASSERTIONS = NO;
				ENABLE_STRICT_OBJC_MSGSEND = YES;
				GCC_C_LANGUAGE_STANDARD = gnu99;
				GCC_WARN_64_TO_32_BIT_CONVERSION = YES;
				GCC_WARN_ABOUT_RETURN_TYPE = YES_ERROR;
				GCC_WARN_UNDECLARED_SELECTOR = YES;
				GCC_WARN_UNINITIALIZED_AUTOS = YES_AGGRESSIVE;
				GCC_WARN_UNUSED_FUNCTION = YES;
				GCC_WARN_UNUSED_VARIABLE = YES;
				IPHONEOS_DEPLOYMENT_TARGET = 8.1;
				MTL_ENABLE_DEBUG_INFO = NO;
				SDKROOT = iphoneos;
				VALIDATE_PRODUCT = YES;
			};
			name = Release;
		};
		79DD04281A8525E200F7D996 /* Debug */ = {
			isa = XCBuildConfiguration;
			buildSettings = {
				ASSETCATALOG_COMPILER_APPICON_NAME = AppIcon;
				FRAMEWORK_SEARCH_PATHS = (
					"$(inherited)",
					"$(PROJECT_DIR)/frameworks",
				);
				INFOPLIST_FILE = MPClientSwiftFrm/Info.plist;
				LD_RUNPATH_SEARCH_PATHS = "$(inherited) @executable_path/Frameworks";
				PRODUCT_NAME = "$(TARGET_NAME)";
			};
			name = Debug;
		};
		79DD04291A8525E200F7D996 /* Release */ = {
			isa = XCBuildConfiguration;
			buildSettings = {
				ASSETCATALOG_COMPILER_APPICON_NAME = AppIcon;
				FRAMEWORK_SEARCH_PATHS = (
					"$(inherited)",
					"$(PROJECT_DIR)/frameworks",
				);
				INFOPLIST_FILE = MPClientSwiftFrm/Info.plist;
				LD_RUNPATH_SEARCH_PATHS = "$(inherited) @executable_path/Frameworks";
				PRODUCT_NAME = "$(TARGET_NAME)";
			};
			name = Release;
		};
		79DD042B1A8525E200F7D996 /* Debug */ = {
			isa = XCBuildConfiguration;
			buildSettings = {
				BUNDLE_LOADER = "$(TEST_HOST)";
				FRAMEWORK_SEARCH_PATHS = (
					"$(SDKROOT)/Developer/Library/Frameworks",
					"$(inherited)",
				);
				GCC_PREPROCESSOR_DEFINITIONS = (
					"DEBUG=1",
					"$(inherited)",
				);
				INFOPLIST_FILE = MPClientSwiftFrmTests/Info.plist;
				LD_RUNPATH_SEARCH_PATHS = "$(inherited) @executable_path/Frameworks @loader_path/Frameworks";
				PRODUCT_NAME = "$(TARGET_NAME)";
				TEST_HOST = "$(BUILT_PRODUCTS_DIR)/MPClientSwiftFrm.app/MPClientSwiftFrm";
			};
			name = Debug;
		};
		79DD042C1A8525E200F7D996 /* Release */ = {
			isa = XCBuildConfiguration;
			buildSettings = {
				BUNDLE_LOADER = "$(TEST_HOST)";
				FRAMEWORK_SEARCH_PATHS = (
					"$(SDKROOT)/Developer/Library/Frameworks",
					"$(inherited)",
				);
				INFOPLIST_FILE = MPClientSwiftFrmTests/Info.plist;
				LD_RUNPATH_SEARCH_PATHS = "$(inherited) @executable_path/Frameworks @loader_path/Frameworks";
				PRODUCT_NAME = "$(TARGET_NAME)";
				TEST_HOST = "$(BUILT_PRODUCTS_DIR)/MPClientSwiftFrm.app/MPClientSwiftFrm";
			};
			name = Release;
		};
/* End XCBuildConfiguration section */

/* Begin XCConfigurationList section */
		79DD04031A8525E200F7D996 /* Build configuration list for PBXProject "MPClientSwiftFrm" */ = {
			isa = XCConfigurationList;
			buildConfigurations = (
				79DD04251A8525E200F7D996 /* Debug */,
				79DD04261A8525E200F7D996 /* Release */,
			);
			defaultConfigurationIsVisible = 0;
			defaultConfigurationName = Release;
		};
		79DD04271A8525E200F7D996 /* Build configuration list for PBXNativeTarget "MPClientSwiftFrm" */ = {
			isa = XCConfigurationList;
			buildConfigurations = (
				79DD04281A8525E200F7D996 /* Debug */,
				79DD04291A8525E200F7D996 /* Release */,
			);
			defaultConfigurationIsVisible = 0;
		};
		79DD042A1A8525E200F7D996 /* Build configuration list for PBXNativeTarget "MPClientSwiftFrmTests" */ = {
			isa = XCConfigurationList;
			buildConfigurations = (
				79DD042B1A8525E200F7D996 /* Debug */,
				79DD042C1A8525E200F7D996 /* Release */,
			);
			defaultConfigurationIsVisible = 0;
		};
/* End XCConfigurationList section */
	};
	rootObject = 79DD04001A8525E200F7D996 /* Project object */;
}
